
Microsoft Visual Studio Solution File, Format Version 12.00
# Visual Studio Version 17
VisualStudioVersion = 17.0.31903.59
MinimumVisualStudioVersion = 10.0.40219.1
Project("{FAE04EC0-301F-11D3-BF4B-00C04F79EFBC}") = "GusPizza.API", "GusPizza.API\GusPizza.API.csproj", "{925FE2C6-A828-4435-BDE4-DFABFBCCF2FC}"
EndProject
Project("{FAE04EC0-301F-11D3-BF4B-00C04F79EFBC}") = "GusPizza.Application", "GusPizza.Application\GusPizza.Application.csproj", "{4DFD20B8-31B9-4B7B-B952-3424443ECC49}"
EndProject
Project("{FAE04EC0-301F-11D3-BF4B-00C04F79EFBC}") = "GusPizza.Domain", "GusPizza.Domain\GusPizza.Domain.csproj", "{6E639700-AF4F-44A7-87BF-74EF86396E8D}"
EndProject
Project("{FAE04EC0-301F-11D3-BF4B-00C04F79EFBC}") = "GusPizza.Infrastructure", "GusPizza.Infrastructure\GusPizza.Infrastructure.csproj", "{51CCE093-FB31-4512-A2B2-47A75C538251}"
EndProject
Project("{FAE04EC0-301F-11D3-BF4B-00C04F79EFBC}") = "GusPizza.Shared", "GusPizza.Shared\GusPizza.Shared.csproj", "{69DFBE89-54B2-4FDD-8BCD-ED432C6346D6}"
EndProject
Global
	GlobalSection(SolutionConfigurationPlatforms) = preSolution
		Debug|Any CPU = Debug|Any CPU
		Release|Any CPU = Release|Any CPU
	EndGlobalSection
	GlobalSection(ProjectConfigurationPlatforms) = postSolution
		{925FE2C6-A828-4435-BDE4-DFABFBCCF2FC}.Debug|Any CPU.ActiveCfg = Debug|Any CPU
		{925FE2C6-A828-4435-BDE4-DFABFBCCF2FC}.Debug|Any CPU.Build.0 = Debug|Any CPU
		{925FE2C6-A828-4435-BDE4-DFABFBCCF2FC}.Release|Any CPU.ActiveCfg = Release|Any CPU
		{925FE2C6-A828-4435-BDE4-DFABFBCCF2FC}.Release|Any CPU.Build.0 = Release|Any CPU
		{4DFD20B8-31B9-4B7B-B952-3424443ECC49}.Debug|Any CPU.ActiveCfg = Debug|Any CPU
		{4DFD20B8-31B9-4B7B-B952-3424443ECC49}.Debug|Any CPU.Build.0 = Debug|Any CPU
		{4DFD20B8-31B9-4B7B-B952-3424443ECC49}.Release|Any CPU.ActiveCfg = Release|Any CPU
		{4DFD20B8-31B9-4B7B-B952-3424443ECC49}.Release|Any CPU.Build.0 = Release|Any CPU
		{6E639700-AF4F-44A7-87BF-74EF86396E8D}.Debug|Any CPU.ActiveCfg = Debug|Any CPU
		{6E639700-AF4F-44A7-87BF-74EF86396E8D}.Debug|Any CPU.Build.0 = Debug|Any CPU
		{6E639700-AF4F-44A7-87BF-74EF86396E8D}.Release|Any CPU.ActiveCfg = Release|Any CPU
		{6E639700-AF4F-44A7-87BF-74EF86396E8D}.Release|Any CPU.Build.0 = Release|Any CPU
		{51CCE093-FB31-4512-A2B2-47A75C538251}.Debug|Any CPU.ActiveCfg = Debug|Any CPU
		{51CCE093-FB31-4512-A2B2-47A75C538251}.Debug|Any CPU.Build.0 = Debug|Any CPU
		{51CCE093-FB31-4512-A2B2-47A75C538251}.Release|Any CPU.ActiveCfg = Release|Any CPU
		{51CCE093-FB31-4512-A2B2-47A75C538251}.Release|Any CPU.Build.0 = Release|Any CPU
		{69DFBE89-54B2-4FDD-8BCD-ED432C6346D6}.Debug|Any CPU.ActiveCfg = Debug|Any CPU
		{69DFBE89-54B2-4FDD-8BCD-ED432C6346D6}.Debug|Any CPU.Build.0 = Debug|Any CPU
		{69DFBE89-54B2-4FDD-8BCD-ED432C6346D6}.Release|Any CPU.ActiveCfg = Release|Any CPU
		{69DFBE89-54B2-4FDD-8BCD-ED432C6346D6}.Release|Any CPU.Build.0 = Release|Any CPU
	EndGlobalSection
	GlobalSection(SolutionProperties) = preSolution
		HideSolutionNode = FALSE
	EndGlobalSection
EndGlobal
